
Microsoft Visual Studio Solution File, Format Version 12.00
# Visual Studio Version 17
VisualStudioVersion = 17.1.32328.378
MinimumVisualStudioVersion = 10.0.40219.1
Project("{9A19103F-16F7-4668-BE54-9A1E7A4F7556}") = "HelloWorldz", "HelloWorldz\HelloWorldz.csproj", "{FF8C5BFB-5F41-4499-9E6D-48AE5BA94B34}"
EndProject
Project("{9A19103F-16F7-4668-BE54-9A1E7A4F7556}") = "HelloWorld.NET5", "HelloWorld.NET5\HelloWorld.NET5.csproj", "{FB902462-7499-40B1-ADD0-72CA3F0227EA}"
EndProject
Project("{9A19103F-16F7-4668-BE54-9A1E7A4F7556}") = "InputOuput", "InputOuput\InputOuput.csproj", "{42290733-5150-4F92-B7AD-62E4DC7E7BC4}"
EndProject
Project("{9A19103F-16F7-4668-BE54-9A1E7A4F7556}") = "VariablesAndDatatypes", "VariablesAndDatatypes\VariablesAndDatatypes.csproj", "{A926F597-C493-4C8B-B78C-EFA1BA46F0CA}"
EndProject
Project("{9A19103F-16F7-4668-BE54-9A1E7A4F7556}") = "MathOperators", "MathOperators\MathOperators.csproj", "{14F17FCC-0DAE-4D1B-B1A9-79D568DCF54A}"
EndProject
Project("{FAE04EC0-301F-11D3-BF4B-00C04F79EFBC}") = "ConditionalStatements", "ConditionalStatements\ConditionalStatements.csproj", "{11FC9CDE-8E49-4A8C-835B-75C8A67B860B}"
EndProject
Project("{FAE04EC0-301F-11D3-BF4B-00C04F79EFBC}") = "RepititionStatements", "RepititionStatements\RepititionStatements.csproj", "{2B9C7B46-6CBB-4992-AA34-F4E6350E2342}"
EndProject
Project("{FAE04EC0-301F-11D3-BF4B-00C04F79EFBC}") = "Methods", "Methods\Methods.csproj", "{81E53EEF-77F5-435F-8DEF-80A580BAFC36}"
EndProject
Project("{FAE04EC0-301F-11D3-BF4B-00C04F79EFBC}") = "StringManipulation", "StringManipulation\StringManipulation.csproj", "{1F0F74F9-EA92-48BF-8492-D2D9D9420608}"
EndProject
Project("{FAE04EC0-301F-11D3-BF4B-00C04F79EFBC}") = "DateTimeManipulation", "DateTimeManipulation\DateTimeManipulation.csproj", "{4D4BC17C-6746-4269-8D2B-FE5C329B3B91}"
EndProject
Project("{FAE04EC0-301F-11D3-BF4B-00C04F79EFBC}") = "ExceptionHandling", "ExceptionHandling\ExceptionHandling.csproj", "{CEAD895C-1E02-4916-82EE-E0B1D70DBBAC}"
EndProject
Project("{FAE04EC0-301F-11D3-BF4B-00C04F79EFBC}") = "Arrays", "Arrays\Arrays.csproj", "{C61D3CB8-B098-4F2C-A669-A5E759ECA347}"
EndProject
Project("{FAE04EC0-301F-11D3-BF4B-00C04F79EFBC}") = "ListCollection", "ListCollection\ListCollection.csproj", "{BEB9AE9F-E72E-4BA0-A590-F7CBF47175DF}"
EndProject
Project("{FAE04EC0-301F-11D3-BF4B-00C04F79EFBC}") = "ClassesAndObjects", "ClassesAndObjects\ClassesAndObjects.csproj", "{DCB5930B-75D3-4966-A05E-FC6CDCEF2F14}"
EndProject
Project("{FAE04EC0-301F-11D3-BF4B-00C04F79EFBC}") = "Inheritance", "Inheritance\Inheritance.csproj", "{81DA6FE8-F0B7-429C-BC77-89DD380F992E}"
EndProject
Global
	GlobalSection(SolutionConfigurationPlatforms) = preSolution
		Debug|Any CPU = Debug|Any CPU
		Release|Any CPU = Release|Any CPU
	EndGlobalSection
	GlobalSection(ProjectConfigurationPlatforms) = postSolution
		{FF8C5BFB-5F41-4499-9E6D-48AE5BA94B34}.Debug|Any CPU.ActiveCfg = Debug|Any CPU
		{FF8C5BFB-5F41-4499-9E6D-48AE5BA94B34}.Debug|Any CPU.Build.0 = Debug|Any CPU
		{FF8C5BFB-5F41-4499-9E6D-48AE5BA94B34}.Release|Any CPU.ActiveCfg = Release|Any CPU
		{FF8C5BFB-5F41-4499-9E6D-48AE5BA94B34}.Release|Any CPU.Build.0 = Release|Any CPU
		{FB902462-7499-40B1-ADD0-72CA3F0227EA}.Debug|Any CPU.ActiveCfg = Debug|Any CPU
		{FB902462-7499-40B1-ADD0-72CA3F0227EA}.Debug|Any CPU.Build.0 = Debug|Any CPU
		{FB902462-7499-40B1-ADD0-72CA3F0227EA}.Release|Any CPU.ActiveCfg = Release|Any CPU
		{FB902462-7499-40B1-ADD0-72CA3F0227EA}.Release|Any CPU.Build.0 = Release|Any CPU
		{42290733-5150-4F92-B7AD-62E4DC7E7BC4}.Debug|Any CPU.ActiveCfg = Debug|Any CPU
		{42290733-5150-4F92-B7AD-62E4DC7E7BC4}.Debug|Any CPU.Build.0 = Debug|Any CPU
		{42290733-5150-4F92-B7AD-62E4DC7E7BC4}.Release|Any CPU.ActiveCfg = Release|Any CPU
		{42290733-5150-4F92-B7AD-62E4DC7E7BC4}.Release|Any CPU.Build.0 = Release|Any CPU
		{A926F597-C493-4C8B-B78C-EFA1BA46F0CA}.Debug|Any CPU.ActiveCfg = Debug|Any CPU
		{A926F597-C493-4C8B-B78C-EFA1BA46F0CA}.Debug|Any CPU.Build.0 = Debug|Any CPU
		{A926F597-C493-4C8B-B78C-EFA1BA46F0CA}.Release|Any CPU.ActiveCfg = Release|Any CPU
		{A926F597-C493-4C8B-B78C-EFA1BA46F0CA}.Release|Any CPU.Build.0 = Release|Any CPU
		{14F17FCC-0DAE-4D1B-B1A9-79D568DCF54A}.Debug|Any CPU.ActiveCfg = Debug|Any CPU
		{14F17FCC-0DAE-4D1B-B1A9-79D568DCF54A}.Debug|Any CPU.Build.0 = Debug|Any CPU
		{14F17FCC-0DAE-4D1B-B1A9-79D568DCF54A}.Release|Any CPU.ActiveCfg = Release|Any CPU
		{14F17FCC-0DAE-4D1B-B1A9-79D568DCF54A}.Release|Any CPU.Build.0 = Release|Any CPU
		{11FC9CDE-8E49-4A8C-835B-75C8A67B860B}.Debug|Any CPU.ActiveCfg = Debug|Any CPU
		{11FC9CDE-8E49-4A8C-835B-75C8A67B860B}.Debug|Any CPU.Build.0 = Debug|Any CPU
		{11FC9CDE-8E49-4A8C-835B-75C8A67B860B}.Release|Any CPU.ActiveCfg = Release|Any CPU
		{11FC9CDE-8E49-4A8C-835B-75C8A67B860B}.Release|Any CPU.Build.0 = Release|Any CPU
		{2B9C7B46-6CBB-4992-AA34-F4E6350E2342}.Debug|Any CPU.ActiveCfg = Debug|Any CPU
		{2B9C7B46-6CBB-4992-AA34-F4E6350E2342}.Debug|Any CPU.Build.0 = Debug|Any CPU
		{2B9C7B46-6CBB-4992-AA34-F4E6350E2342}.Release|Any CPU.ActiveCfg = Release|Any CPU
		{2B9C7B46-6CBB-4992-AA34-F4E6350E2342}.Release|Any CPU.Build.0 = Release|Any CPU
		{81E53EEF-77F5-435F-8DEF-80A580BAFC36}.Debug|Any CPU.ActiveCfg = Debug|Any CPU
		{81E53EEF-77F5-435F-8DEF-80A580BAFC36}.Debug|Any CPU.Build.0 = Debug|Any CPU
		{81E53EEF-77F5-435F-8DEF-80A580BAFC36}.Release|Any CPU.ActiveCfg = Release|Any CPU
		{81E53EEF-77F5-435F-8DEF-80A580BAFC36}.Release|Any CPU.Build.0 = Release|Any CPU
		{1F0F74F9-EA92-48BF-8492-D2D9D9420608}.Debug|Any CPU.ActiveCfg = Debug|Any CPU
		{1F0F74F9-EA92-48BF-8492-D2D9D9420608}.Debug|Any CPU.Build.0 = Debug|Any CPU
		{1F0F74F9-EA92-48BF-8492-D2D9D9420608}.Release|Any CPU.ActiveCfg = Release|Any CPU
		{1F0F74F9-EA92-48BF-8492-D2D9D9420608}.Release|Any CPU.Build.0 = Release|Any CPU
		{4D4BC17C-6746-4269-8D2B-FE5C329B3B91}.Debug|Any CPU.ActiveCfg = Debug|Any CPU
		{4D4BC17C-6746-4269-8D2B-FE5C329B3B91}.Debug|Any CPU.Build.0 = Debug|Any CPU
		{4D4BC17C-6746-4269-8D2B-FE5C329B3B91}.Release|Any CPU.ActiveCfg = Release|Any CPU
		{4D4BC17C-6746-4269-8D2B-FE5C329B3B91}.Release|Any CPU.Build.0 = Release|Any CPU
		{CEAD895C-1E02-4916-82EE-E0B1D70DBBAC}.Debug|Any CPU.ActiveCfg = Debug|Any CPU
		{CEAD895C-1E02-4916-82EE-E0B1D70DBBAC}.Debug|Any CPU.Build.0 = Debug|Any CPU
		{CEAD895C-1E02-4916-82EE-E0B1D70DBBAC}.Release|Any CPU.ActiveCfg = Release|Any CPU
		{CEAD895C-1E02-4916-82EE-E0B1D70DBBAC}.Release|Any CPU.Build.0 = Release|Any CPU
		{C61D3CB8-B098-4F2C-A669-A5E759ECA347}.Debug|Any CPU.ActiveCfg = Debug|Any CPU
		{C61D3CB8-B098-4F2C-A669-A5E759ECA347}.Debug|Any CPU.Build.0 = Debug|Any CPU
		{C61D3CB8-B098-4F2C-A669-A5E759ECA347}.Release|Any CPU.ActiveCfg = Release|Any CPU
		{C61D3CB8-B098-4F2C-A669-A5E759ECA347}.Release|Any CPU.Build.0 = Release|Any CPU
		{BEB9AE9F-E72E-4BA0-A590-F7CBF47175DF}.Debug|Any CPU.ActiveCfg = Debug|Any CPU
		{BEB9AE9F-E72E-4BA0-A590-F7CBF47175DF}.Debug|Any CPU.Build.0 = Debug|Any CPU
		{BEB9AE9F-E72E-4BA0-A590-F7CBF47175DF}.Release|Any CPU.ActiveCfg = Release|Any CPU
		{BEB9AE9F-E72E-4BA0-A590-F7CBF47175DF}.Release|Any CPU.Build.0 = Release|Any CPU
		{DCB5930B-75D3-4966-A05E-FC6CDCEF2F14}.Debug|Any CPU.ActiveCfg = Debug|Any CPU
		{DCB5930B-75D3-4966-A05E-FC6CDCEF2F14}.Debug|Any CPU.Build.0 = Debug|Any CPU
		{DCB5930B-75D3-4966-A05E-FC6CDCEF2F14}.Release|Any CPU.ActiveCfg = Release|Any CPU
		{DCB5930B-75D3-4966-A05E-FC6CDCEF2F14}.Release|Any CPU.Build.0 = Release|Any CPU
		{81DA6FE8-F0B7-429C-BC77-89DD380F992E}.Debug|Any CPU.ActiveCfg = Debug|Any CPU
		{81DA6FE8-F0B7-429C-BC77-89DD380F992E}.Debug|Any CPU.Build.0 = Debug|Any CPU
		{81DA6FE8-F0B7-429C-BC77-89DD380F992E}.Release|Any CPU.ActiveCfg = Release|Any CPU
		{81DA6FE8-F0B7-429C-BC77-89DD380F992E}.Release|Any CPU.Build.0 = Release|Any CPU
	EndGlobalSection
	GlobalSection(SolutionProperties) = preSolution
		HideSolutionNode = FALSE
	EndGlobalSection
	GlobalSection(ExtensibilityGlobals) = postSolution
		SolutionGuid = {FB154A17-527B-4584-AF52-48C104A7AC19}
	EndGlobalSection
EndGlobal
